
Microsoft Visual Studio Solution File, Format Version 12.00
# Visual Studio Version 16
VisualStudioVersion = 16.0.29509.3
MinimumVisualStudioVersion = 10.0.40219.1
Project("{2150E333-8FDC-42A3-9474-1A3956D46DE8}") = "StudyThread", "StudyThread", "{3265BF7C-495A-4D1A-BCC3-4802AF963F79}"
EndProject
Project("{FAE04EC0-301F-11D3-BF4B-00C04F79EFBC}") = "StudyThread", "StudyThread\StudyThread.csproj", "{A1BBB767-BD55-4322-B78F-6FCD09E01C19}"
EndProject
Project("{2150E333-8FDC-42A3-9474-1A3956D46DE8}") = "StudyException", "StudyException", "{19502D31-DEB3-4134-BAC8-BC5350EB5796}"
EndProject
Project("{FAE04EC0-301F-11D3-BF4B-00C04F79EFBC}") = "StudyException", "StudyException\StudyException.csproj", "{A5A5DC6E-A2A2-407C-AB3B-5947B010C730}"
EndProject
Global
	GlobalSection(SolutionConfigurationPlatforms) = preSolution
		Debug|Any CPU = Debug|Any CPU
		Release|Any CPU = Release|Any CPU
	EndGlobalSection
	GlobalSection(ProjectConfigurationPlatforms) = postSolution
		{A1BBB767-BD55-4322-B78F-6FCD09E01C19}.Debug|Any CPU.ActiveCfg = Debug|Any CPU
		{A1BBB767-BD55-4322-B78F-6FCD09E01C19}.Debug|Any CPU.Build.0 = Debug|Any CPU
		{A1BBB767-BD55-4322-B78F-6FCD09E01C19}.Release|Any CPU.ActiveCfg = Release|Any CPU
		{A1BBB767-BD55-4322-B78F-6FCD09E01C19}.Release|Any CPU.Build.0 = Release|Any CPU
		{A5A5DC6E-A2A2-407C-AB3B-5947B010C730}.Debug|Any CPU.ActiveCfg = Debug|Any CPU
		{A5A5DC6E-A2A2-407C-AB3B-5947B010C730}.Debug|Any CPU.Build.0 = Debug|Any CPU
		{A5A5DC6E-A2A2-407C-AB3B-5947B010C730}.Release|Any CPU.ActiveCfg = Release|Any CPU
		{A5A5DC6E-A2A2-407C-AB3B-5947B010C730}.Release|Any CPU.Build.0 = Release|Any CPU
	EndGlobalSection
	GlobalSection(SolutionProperties) = preSolution
		HideSolutionNode = FALSE
	EndGlobalSection
	GlobalSection(NestedProjects) = preSolution
		{A1BBB767-BD55-4322-B78F-6FCD09E01C19} = {3265BF7C-495A-4D1A-BCC3-4802AF963F79}
		{A5A5DC6E-A2A2-407C-AB3B-5947B010C730} = {19502D31-DEB3-4134-BAC8-BC5350EB5796}
	EndGlobalSection
	GlobalSection(ExtensibilityGlobals) = postSolution
		SolutionGuid = {B54F11FB-E606-416B-985C-C15934FFB294}
	EndGlobalSection
EndGlobal
