
Microsoft Visual Studio Solution File, Format Version 12.00
# Visual Studio Version 16
VisualStudioVersion = 16.0.29509.3
MinimumVisualStudioVersion = 10.0.40219.1
Project("{2150E333-8FDC-42A3-9474-1A3956D46DE8}") = "StudyThread", "StudyThread", "{3265BF7C-495A-4D1A-BCC3-4802AF963F79}"
EndProject
Project("{2150E333-8FDC-42A3-9474-1A3956D46DE8}") = "StudyException", "StudyException", "{19502D31-DEB3-4134-BAC8-BC5350EB5796}"
EndProject
Project("{FAE04EC0-301F-11D3-BF4B-00C04F79EFBC}") = "StudyException", "StudyException\StudyException.csproj", "{A5A5DC6E-A2A2-407C-AB3B-5947B010C730}"
EndProject
Project("{FAE04EC0-301F-11D3-BF4B-00C04F79EFBC}") = "ParallelStudy", "ParallelStudy\ParallelStudy.csproj", "{3EAE9A60-12B3-4E60-8C2F-BE7181569EDA}"
EndProject
Project("{9A19103F-16F7-4668-BE54-9A1E7A4F7556}") = "ThreadStudy", "ThreadStudy\ThreadStudy.csproj", "{C24CD209-EAAF-43E0-97EA-5E54F41CF60C}"
EndProject
Project("{FAE04EC0-301F-11D3-BF4B-00C04F79EFBC}") = "ThreadMaxNumber", "ThreadMaxNumber\ThreadMaxNumber.csproj", "{BF563880-938F-4969-8B71-71372331AA51}"
EndProject
Project("{2150E333-8FDC-42A3-9474-1A3956D46DE8}") = "DumpStudy", "DumpStudy", "{E6EB4E36-84B4-4D2E-B6BF-BD3C69D9BBB1}"
EndProject
Project("{FAE04EC0-301F-11D3-BF4B-00C04F79EFBC}") = "TestError1", "TestError1\TestError1.csproj", "{A09F0806-DED1-4CF3-9E53-0199131A4055}"
EndProject
Project("{2150E333-8FDC-42A3-9474-1A3956D46DE8}") = "Web", "Web", "{B7F6C6BE-3043-4C25-B2CD-302018CBA224}"
EndProject
Project("{9A19103F-16F7-4668-BE54-9A1E7A4F7556}") = "RazorPagesMovie", "RazorPagesMovie\RazorPagesMovie.csproj", "{38D937DD-33B6-4110-AEC1-F670EF6E90C0}"
EndProject
Project("{9A19103F-16F7-4668-BE54-9A1E7A4F7556}") = "TodoApi", "TodoApi\TodoApi.csproj", "{FA26AE6A-ACA4-4268-A6C7-42D6595063B3}"
EndProject
Project("{2150E333-8FDC-42A3-9474-1A3956D46DE8}") = "Spider", "Spider", "{A8399261-37B5-4980-A9E0-1404629B5FFE}"
EndProject
Project("{9A19103F-16F7-4668-BE54-9A1E7A4F7556}") = "SpiderStudy", "SpiderStudy\SpiderStudy.csproj", "{3D1F61C4-AB6B-491C-9D3A-1CC7E1584CE1}"
EndProject
Project("{9A19103F-16F7-4668-BE54-9A1E7A4F7556}") = "SpiderEntityConfig", "SpiderEntityConfig\SpiderEntityConfig.csproj", "{AC309FA1-7E22-47CA-8FBF-1193C55EB450}"
EndProject
Project("{2150E333-8FDC-42A3-9474-1A3956D46DE8}") = "ORMStudy", "ORMStudy", "{548223D4-CAF3-4124-A870-59008FDB17B5}"
EndProject
Project("{9A19103F-16F7-4668-BE54-9A1E7A4F7556}") = "DapperStudy", "DapperStudy\DapperStudy.csproj", "{FBD3CAB6-1841-4344-A22F-3A7066AAED6D}"
EndProject
Project("{2150E333-8FDC-42A3-9474-1A3956D46DE8}") = "Examination", "Examination", "{78849816-DB71-45DC-BBDC-99557D60CCD6}"
EndProject
Project("{FAE04EC0-301F-11D3-BF4B-00C04F79EFBC}") = "Question1", "Question1\Question1.csproj", "{FC1F2526-63A5-48CD-8433-9B3AB667C002}"
EndProject
Global
	GlobalSection(SolutionConfigurationPlatforms) = preSolution
		Debug|Any CPU = Debug|Any CPU
		Release|Any CPU = Release|Any CPU
	EndGlobalSection
	GlobalSection(ProjectConfigurationPlatforms) = postSolution
		{A5A5DC6E-A2A2-407C-AB3B-5947B010C730}.Debug|Any CPU.ActiveCfg = Debug|Any CPU
		{A5A5DC6E-A2A2-407C-AB3B-5947B010C730}.Debug|Any CPU.Build.0 = Debug|Any CPU
		{A5A5DC6E-A2A2-407C-AB3B-5947B010C730}.Release|Any CPU.ActiveCfg = Release|Any CPU
		{A5A5DC6E-A2A2-407C-AB3B-5947B010C730}.Release|Any CPU.Build.0 = Release|Any CPU
		{3EAE9A60-12B3-4E60-8C2F-BE7181569EDA}.Debug|Any CPU.ActiveCfg = Debug|Any CPU
		{3EAE9A60-12B3-4E60-8C2F-BE7181569EDA}.Debug|Any CPU.Build.0 = Debug|Any CPU
		{3EAE9A60-12B3-4E60-8C2F-BE7181569EDA}.Release|Any CPU.ActiveCfg = Release|Any CPU
		{3EAE9A60-12B3-4E60-8C2F-BE7181569EDA}.Release|Any CPU.Build.0 = Release|Any CPU
		{C24CD209-EAAF-43E0-97EA-5E54F41CF60C}.Debug|Any CPU.ActiveCfg = Debug|Any CPU
		{C24CD209-EAAF-43E0-97EA-5E54F41CF60C}.Debug|Any CPU.Build.0 = Debug|Any CPU
		{C24CD209-EAAF-43E0-97EA-5E54F41CF60C}.Release|Any CPU.ActiveCfg = Release|Any CPU
		{C24CD209-EAAF-43E0-97EA-5E54F41CF60C}.Release|Any CPU.Build.0 = Release|Any CPU
		{BF563880-938F-4969-8B71-71372331AA51}.Debug|Any CPU.ActiveCfg = Debug|Any CPU
		{BF563880-938F-4969-8B71-71372331AA51}.Debug|Any CPU.Build.0 = Debug|Any CPU
		{BF563880-938F-4969-8B71-71372331AA51}.Release|Any CPU.ActiveCfg = Release|Any CPU
		{BF563880-938F-4969-8B71-71372331AA51}.Release|Any CPU.Build.0 = Release|Any CPU
		{A09F0806-DED1-4CF3-9E53-0199131A4055}.Debug|Any CPU.ActiveCfg = Debug|Any CPU
		{A09F0806-DED1-4CF3-9E53-0199131A4055}.Debug|Any CPU.Build.0 = Debug|Any CPU
		{A09F0806-DED1-4CF3-9E53-0199131A4055}.Release|Any CPU.ActiveCfg = Release|Any CPU
		{A09F0806-DED1-4CF3-9E53-0199131A4055}.Release|Any CPU.Build.0 = Release|Any CPU
		{38D937DD-33B6-4110-AEC1-F670EF6E90C0}.Debug|Any CPU.ActiveCfg = Debug|Any CPU
		{38D937DD-33B6-4110-AEC1-F670EF6E90C0}.Debug|Any CPU.Build.0 = Debug|Any CPU
		{38D937DD-33B6-4110-AEC1-F670EF6E90C0}.Release|Any CPU.ActiveCfg = Release|Any CPU
		{38D937DD-33B6-4110-AEC1-F670EF6E90C0}.Release|Any CPU.Build.0 = Release|Any CPU
		{FA26AE6A-ACA4-4268-A6C7-42D6595063B3}.Debug|Any CPU.ActiveCfg = Debug|Any CPU
		{FA26AE6A-ACA4-4268-A6C7-42D6595063B3}.Debug|Any CPU.Build.0 = Debug|Any CPU
		{FA26AE6A-ACA4-4268-A6C7-42D6595063B3}.Release|Any CPU.ActiveCfg = Release|Any CPU
		{FA26AE6A-ACA4-4268-A6C7-42D6595063B3}.Release|Any CPU.Build.0 = Release|Any CPU
		{3D1F61C4-AB6B-491C-9D3A-1CC7E1584CE1}.Debug|Any CPU.ActiveCfg = Debug|Any CPU
		{3D1F61C4-AB6B-491C-9D3A-1CC7E1584CE1}.Debug|Any CPU.Build.0 = Debug|Any CPU
		{3D1F61C4-AB6B-491C-9D3A-1CC7E1584CE1}.Release|Any CPU.ActiveCfg = Release|Any CPU
		{3D1F61C4-AB6B-491C-9D3A-1CC7E1584CE1}.Release|Any CPU.Build.0 = Release|Any CPU
		{AC309FA1-7E22-47CA-8FBF-1193C55EB450}.Debug|Any CPU.ActiveCfg = Debug|Any CPU
		{AC309FA1-7E22-47CA-8FBF-1193C55EB450}.Debug|Any CPU.Build.0 = Debug|Any CPU
		{AC309FA1-7E22-47CA-8FBF-1193C55EB450}.Release|Any CPU.ActiveCfg = Release|Any CPU
		{AC309FA1-7E22-47CA-8FBF-1193C55EB450}.Release|Any CPU.Build.0 = Release|Any CPU
		{FBD3CAB6-1841-4344-A22F-3A7066AAED6D}.Debug|Any CPU.ActiveCfg = Debug|Any CPU
		{FBD3CAB6-1841-4344-A22F-3A7066AAED6D}.Debug|Any CPU.Build.0 = Debug|Any CPU
		{FBD3CAB6-1841-4344-A22F-3A7066AAED6D}.Release|Any CPU.ActiveCfg = Release|Any CPU
		{FBD3CAB6-1841-4344-A22F-3A7066AAED6D}.Release|Any CPU.Build.0 = Release|Any CPU
		{FC1F2526-63A5-48CD-8433-9B3AB667C002}.Debug|Any CPU.ActiveCfg = Debug|Any CPU
		{FC1F2526-63A5-48CD-8433-9B3AB667C002}.Debug|Any CPU.Build.0 = Debug|Any CPU
		{FC1F2526-63A5-48CD-8433-9B3AB667C002}.Release|Any CPU.ActiveCfg = Release|Any CPU
		{FC1F2526-63A5-48CD-8433-9B3AB667C002}.Release|Any CPU.Build.0 = Release|Any CPU
	EndGlobalSection
	GlobalSection(SolutionProperties) = preSolution
		HideSolutionNode = FALSE
	EndGlobalSection
	GlobalSection(NestedProjects) = preSolution
		{A5A5DC6E-A2A2-407C-AB3B-5947B010C730} = {19502D31-DEB3-4134-BAC8-BC5350EB5796}
		{3EAE9A60-12B3-4E60-8C2F-BE7181569EDA} = {3265BF7C-495A-4D1A-BCC3-4802AF963F79}
		{C24CD209-EAAF-43E0-97EA-5E54F41CF60C} = {3265BF7C-495A-4D1A-BCC3-4802AF963F79}
		{BF563880-938F-4969-8B71-71372331AA51} = {3265BF7C-495A-4D1A-BCC3-4802AF963F79}
		{A09F0806-DED1-4CF3-9E53-0199131A4055} = {E6EB4E36-84B4-4D2E-B6BF-BD3C69D9BBB1}
		{38D937DD-33B6-4110-AEC1-F670EF6E90C0} = {B7F6C6BE-3043-4C25-B2CD-302018CBA224}
		{FA26AE6A-ACA4-4268-A6C7-42D6595063B3} = {B7F6C6BE-3043-4C25-B2CD-302018CBA224}
		{3D1F61C4-AB6B-491C-9D3A-1CC7E1584CE1} = {A8399261-37B5-4980-A9E0-1404629B5FFE}
		{AC309FA1-7E22-47CA-8FBF-1193C55EB450} = {A8399261-37B5-4980-A9E0-1404629B5FFE}
		{FBD3CAB6-1841-4344-A22F-3A7066AAED6D} = {548223D4-CAF3-4124-A870-59008FDB17B5}
		{FC1F2526-63A5-48CD-8433-9B3AB667C002} = {78849816-DB71-45DC-BBDC-99557D60CCD6}
	EndGlobalSection
	GlobalSection(ExtensibilityGlobals) = postSolution
		SolutionGuid = {B54F11FB-E606-416B-985C-C15934FFB294}
	EndGlobalSection
EndGlobal
